
Microsoft Visual Studio Solution File, Format Version 12.00
# Visual Studio Version 17
VisualStudioVersion = 17.5.33414.496
MinimumVisualStudioVersion = 10.0.40219.1
Project("{2150E333-8FDC-42A3-9474-1A3956D46DE8}") = "src", "src", "{7EF26EFD-28D6-4079-9326-CFC235AE2AFF}"
EndProject
Project("{2150E333-8FDC-42A3-9474-1A3956D46DE8}") = "test", "test", "{428DBD07-F6B6-4AC7-8566-FC76937D7DEF}"
EndProject
Project("{2150E333-8FDC-42A3-9474-1A3956D46DE8}") = "Core", "Core", "{CDE9F8D2-0226-4670-81C5-196401C86B69}"
EndProject
Project("{2150E333-8FDC-42A3-9474-1A3956D46DE8}") = "Infrastructure", "Infrastructure", "{58112857-F2AF-4EEE-B261-3E7205C0B3D8}"
EndProject
Project("{2150E333-8FDC-42A3-9474-1A3956D46DE8}") = "WebAPI", "WebAPI", "{05A93F63-E45E-4BF6-857B-8358EFDF0DDF}"
EndProject
Project("{9A19103F-16F7-4668-BE54-9A1E7A4F7556}") = "MyWebBank.Domain", "MyWebBank.Domain\MyWebBank.Domain.csproj", "{0EE0FC60-42B3-483A-9463-FD0A5478516E}"
EndProject
Project("{9A19103F-16F7-4668-BE54-9A1E7A4F7556}") = "MyWebBank.Application", "MyWebBank.Application\MyWebBank.Application.csproj", "{0538E84E-ABCB-42F8-850E-69A609777587}"
EndProject
Project("{9A19103F-16F7-4668-BE54-9A1E7A4F7556}") = "MyWebBank.Infrastructure", "MyWebBank.Infrastructure\MyWebBank.Infrastructure.csproj", "{EE0061BA-F249-4AE6-9A4E-D5644BA6EABD}"
EndProject
Project("{9A19103F-16F7-4668-BE54-9A1E7A4F7556}") = "MyWebBank.WebAPI", "MyWebBank.WebAPI\MyWebBank.WebAPI.csproj", "{6B9A9531-B298-4096-9D71-73BCAD1603C3}"
EndProject
Project("{9A19103F-16F7-4668-BE54-9A1E7A4F7556}") = "MyWebBank.Persistence", "MyWebBank.Persistence\MyWebBank.Persistence.csproj", "{6174F6FC-6722-4F82-A8B1-E396D91B2917}"
EndProject
Project("{FAE04EC0-301F-11D3-BF4B-00C04F79EFBC}") = "MyWebBank.Tests", "MyWebBank.Tests\MyWebBank.Tests.csproj", "{D953D21A-22B8-4CC4-B750-A1BCDF4F8640}"
EndProject
Global
	GlobalSection(SolutionConfigurationPlatforms) = preSolution
		Debug|Any CPU = Debug|Any CPU
		Release|Any CPU = Release|Any CPU
	EndGlobalSection
	GlobalSection(ProjectConfigurationPlatforms) = postSolution
		{0EE0FC60-42B3-483A-9463-FD0A5478516E}.Debug|Any CPU.ActiveCfg = Debug|Any CPU
		{0EE0FC60-42B3-483A-9463-FD0A5478516E}.Debug|Any CPU.Build.0 = Debug|Any CPU
		{0EE0FC60-42B3-483A-9463-FD0A5478516E}.Release|Any CPU.ActiveCfg = Release|Any CPU
		{0EE0FC60-42B3-483A-9463-FD0A5478516E}.Release|Any CPU.Build.0 = Release|Any CPU
		{0538E84E-ABCB-42F8-850E-69A609777587}.Debug|Any CPU.ActiveCfg = Debug|Any CPU
		{0538E84E-ABCB-42F8-850E-69A609777587}.Debug|Any CPU.Build.0 = Debug|Any CPU
		{0538E84E-ABCB-42F8-850E-69A609777587}.Release|Any CPU.ActiveCfg = Release|Any CPU
		{0538E84E-ABCB-42F8-850E-69A609777587}.Release|Any CPU.Build.0 = Release|Any CPU
		{EE0061BA-F249-4AE6-9A4E-D5644BA6EABD}.Debug|Any CPU.ActiveCfg = Debug|Any CPU
		{EE0061BA-F249-4AE6-9A4E-D5644BA6EABD}.Debug|Any CPU.Build.0 = Debug|Any CPU
		{EE0061BA-F249-4AE6-9A4E-D5644BA6EABD}.Release|Any CPU.ActiveCfg = Release|Any CPU
		{EE0061BA-F249-4AE6-9A4E-D5644BA6EABD}.Release|Any CPU.Build.0 = Release|Any CPU
		{6B9A9531-B298-4096-9D71-73BCAD1603C3}.Debug|Any CPU.ActiveCfg = Debug|Any CPU
		{6B9A9531-B298-4096-9D71-73BCAD1603C3}.Debug|Any CPU.Build.0 = Debug|Any CPU
		{6B9A9531-B298-4096-9D71-73BCAD1603C3}.Release|Any CPU.ActiveCfg = Release|Any CPU
		{6B9A9531-B298-4096-9D71-73BCAD1603C3}.Release|Any CPU.Build.0 = Release|Any CPU
		{6174F6FC-6722-4F82-A8B1-E396D91B2917}.Debug|Any CPU.ActiveCfg = Debug|Any CPU
		{6174F6FC-6722-4F82-A8B1-E396D91B2917}.Debug|Any CPU.Build.0 = Debug|Any CPU
		{6174F6FC-6722-4F82-A8B1-E396D91B2917}.Release|Any CPU.ActiveCfg = Release|Any CPU
		{6174F6FC-6722-4F82-A8B1-E396D91B2917}.Release|Any CPU.Build.0 = Release|Any CPU
		{D953D21A-22B8-4CC4-B750-A1BCDF4F8640}.Debug|Any CPU.ActiveCfg = Debug|Any CPU
		{D953D21A-22B8-4CC4-B750-A1BCDF4F8640}.Debug|Any CPU.Build.0 = Debug|Any CPU
		{D953D21A-22B8-4CC4-B750-A1BCDF4F8640}.Release|Any CPU.ActiveCfg = Release|Any CPU
		{D953D21A-22B8-4CC4-B750-A1BCDF4F8640}.Release|Any CPU.Build.0 = Release|Any CPU
	EndGlobalSection
	GlobalSection(SolutionProperties) = preSolution
		HideSolutionNode = FALSE
	EndGlobalSection
	GlobalSection(NestedProjects) = preSolution
		{CDE9F8D2-0226-4670-81C5-196401C86B69} = {7EF26EFD-28D6-4079-9326-CFC235AE2AFF}
		{58112857-F2AF-4EEE-B261-3E7205C0B3D8} = {7EF26EFD-28D6-4079-9326-CFC235AE2AFF}
		{05A93F63-E45E-4BF6-857B-8358EFDF0DDF} = {7EF26EFD-28D6-4079-9326-CFC235AE2AFF}
		{0EE0FC60-42B3-483A-9463-FD0A5478516E} = {CDE9F8D2-0226-4670-81C5-196401C86B69}
		{0538E84E-ABCB-42F8-850E-69A609777587} = {CDE9F8D2-0226-4670-81C5-196401C86B69}
		{EE0061BA-F249-4AE6-9A4E-D5644BA6EABD} = {58112857-F2AF-4EEE-B261-3E7205C0B3D8}
		{6B9A9531-B298-4096-9D71-73BCAD1603C3} = {05A93F63-E45E-4BF6-857B-8358EFDF0DDF}
		{6174F6FC-6722-4F82-A8B1-E396D91B2917} = {58112857-F2AF-4EEE-B261-3E7205C0B3D8}
		{D953D21A-22B8-4CC4-B750-A1BCDF4F8640} = {428DBD07-F6B6-4AC7-8566-FC76937D7DEF}
	EndGlobalSection
	GlobalSection(ExtensibilityGlobals) = postSolution
		SolutionGuid = {4B2D4965-6E49-4219-A181-EBFFE100D7E1}
	EndGlobalSection
EndGlobal
